
Microsoft Visual Studio Solution File, Format Version 12.00
# Visual Studio Version 17
VisualStudioVersion = 17.8.34525.116
MinimumVisualStudioVersion = 10.0.40219.1
Project("{9A19103F-16F7-4668-BE54-9A1E7A4F7556}") = "CoDzisNaObiad.API", "CoDzisNaObiad\CoDzisNaObiad.API.csproj", "{AB1B45FE-D57D-4337-9552-A2D3F3E9798A}"
EndProject
Project("{9A19103F-16F7-4668-BE54-9A1E7A4F7556}") = "CoDzisNaObiad.Application", "CoDzisNaObiad.Application\CoDzisNaObiad.Application.csproj", "{CC5FA0A4-7503-49E0-8D9E-011B4D914C6D}"
EndProject
Project("{9A19103F-16F7-4668-BE54-9A1E7A4F7556}") = "CoDzisNaObiad.Infrastructure", "CoDzisNaObiad.Infrastructure\CoDzisNaObiad.Infrastructure.csproj", "{10765B90-B125-4BAB-BAE9-55209CB18A25}"
EndProject
Project("{9A19103F-16F7-4668-BE54-9A1E7A4F7556}") = "CoDzisNaObiad.Domain", "CoDzisNaObiad.Domain\CoDzisNaObiad.Domain.csproj", "{5E8CF516-ADB4-4259-888B-3EEC7EB6656F}"
EndProject
Global
	GlobalSection(SolutionConfigurationPlatforms) = preSolution
		Debug|Any CPU = Debug|Any CPU
		Release|Any CPU = Release|Any CPU
	EndGlobalSection
	GlobalSection(ProjectConfigurationPlatforms) = postSolution
		{AB1B45FE-D57D-4337-9552-A2D3F3E9798A}.Debug|Any CPU.ActiveCfg = Debug|Any CPU
		{AB1B45FE-D57D-4337-9552-A2D3F3E9798A}.Debug|Any CPU.Build.0 = Debug|Any CPU
		{AB1B45FE-D57D-4337-9552-A2D3F3E9798A}.Release|Any CPU.ActiveCfg = Release|Any CPU
		{AB1B45FE-D57D-4337-9552-A2D3F3E9798A}.Release|Any CPU.Build.0 = Release|Any CPU
		{CC5FA0A4-7503-49E0-8D9E-011B4D914C6D}.Debug|Any CPU.ActiveCfg = Debug|Any CPU
		{CC5FA0A4-7503-49E0-8D9E-011B4D914C6D}.Debug|Any CPU.Build.0 = Debug|Any CPU
		{CC5FA0A4-7503-49E0-8D9E-011B4D914C6D}.Release|Any CPU.ActiveCfg = Release|Any CPU
		{CC5FA0A4-7503-49E0-8D9E-011B4D914C6D}.Release|Any CPU.Build.0 = Release|Any CPU
		{10765B90-B125-4BAB-BAE9-55209CB18A25}.Debug|Any CPU.ActiveCfg = Debug|Any CPU
		{10765B90-B125-4BAB-BAE9-55209CB18A25}.Debug|Any CPU.Build.0 = Debug|Any CPU
		{10765B90-B125-4BAB-BAE9-55209CB18A25}.Release|Any CPU.ActiveCfg = Release|Any CPU
		{10765B90-B125-4BAB-BAE9-55209CB18A25}.Release|Any CPU.Build.0 = Release|Any CPU
		{5E8CF516-ADB4-4259-888B-3EEC7EB6656F}.Debug|Any CPU.ActiveCfg = Debug|Any CPU
		{5E8CF516-ADB4-4259-888B-3EEC7EB6656F}.Debug|Any CPU.Build.0 = Debug|Any CPU
		{5E8CF516-ADB4-4259-888B-3EEC7EB6656F}.Release|Any CPU.ActiveCfg = Release|Any CPU
		{5E8CF516-ADB4-4259-888B-3EEC7EB6656F}.Release|Any CPU.Build.0 = Release|Any CPU
	EndGlobalSection
	GlobalSection(SolutionProperties) = preSolution
		HideSolutionNode = FALSE
	EndGlobalSection
	GlobalSection(ExtensibilityGlobals) = postSolution
		SolutionGuid = {2B29A548-ECBA-4B8E-986B-A10CB9E65FC7}
	EndGlobalSection
EndGlobal
